Microsoft Visual Studio Solution File, Format Version 12.00
# Visual Studio Version 17
VisualStudioVersion = 17.5.2.0
MinimumVisualStudioVersion = 10.0.40219.1
Project("{FAE04EC0-301F-11D3-BF4B-00C04F79EFBC}") = "PublicTransportPlannerApi", "PublicTransportPlannerApi.csproj", "{F31BF5F3-237B-19CB-C990-2BCD1000EDF8}"
EndProject
Global
	GlobalSection(SolutionConfigurationPlatforms) = preSolution
		Debug|Any CPU = Debug|Any CPU
		Release|Any CPU = Release|Any CPU
	EndGlobalSection
	GlobalSection(ProjectConfigurationPlatforms) = postSolution
		{F31BF5F3-237B-19CB-C990-2BCD1000EDF8}.Debug|Any CPU.ActiveCfg = Debug|Any CPU
		{F31BF5F3-237B-19CB-C990-2BCD1000EDF8}.Debug|Any CPU.Build.0 = Debug|Any CPU
		{F31BF5F3-237B-19CB-C990-2BCD1000EDF8}.Release|Any CPU.ActiveCfg = Release|Any CPU
		{F31BF5F3-237B-19CB-C990-2BCD1000EDF8}.Release|Any CPU.Build.0 = Release|Any CPU
	EndGlobalSection
	GlobalSection(SolutionProperties) = preSolution
		HideSolutionNode = FALSE
	EndGlobalSection
	GlobalSection(ExtensibilityGlobals) = postSolution
		SolutionGuid = {D5C1D5FD-62B4-49B6-9A7C-6F6755616DAB}
	EndGlobalSection
EndGlobal
